// !$*UTF8*$!
{
	archiveVersion = 1;
	classes = {
	};
	objectVersion = 46;
	objects = {

/* Begin PBXBuildFile section */
		480155611D90F0E600D996B1 /* main.m in Sources */ = {isa = PBXBuildFile; fileRef = 480155601D90F0E600D996B1 /* main.m */; };
		480155641D90F0E600D996B1 /* AppDelegate.m in Sources */ = {isa = PBXBuildFile; fileRef = 480155631D90F0E600D996B1 /* AppDelegate.m */; };
		480155671D90F0E600D996B1 /* ViewController.m in Sources */ = {isa = PBXBuildFile; fileRef = 480155661D90F0E600D996B1 /* ViewController.m */; };
		4801556A1D90F0E600D996B1 /* Main.storyboard in Resources */ = {isa = PBXBuildFile; fileRef = 480155681D90F0E600D996B1 /* Main.storyboard */; };
		4801556C1D90F0E600D996B1 /* Assets.xcassets in Resources */ = {isa = PBXBuildFile; fileRef = 4801556B1D90F0E600D996B1 /* Assets.xcassets */; };
		4801556F1D90F0E600D996B1 /* LaunchScreen.storyboard in Resources */ = {isa = PBXBuildFile; fileRef = 4801556D1D90F0E600D996B1 /* LaunchScreen.storyboard */; };
		4801557A1D90F0E600D996B1 /* LMLJDAddressPickerDemoTests.m in Sources */ = {isa = PBXBuildFile; fileRef = 480155791D90F0E600D996B1 /* LMLJDAddressPickerDemoTests.m */; };
		480155851D90F0E600D996B1 /* LMLJDAddressPickerDemoUITests.m in Sources */ = {isa = PBXBuildFile; fileRef = 480155841D90F0E600D996B1 /* LMLJDAddressPickerDemoUITests.m */; };
		4801559C1D90F0F700D996B1 /* LMLJDAddressPicker.m in Sources */ = {isa = PBXBuildFile; fileRef = 480155941D90F0F700D996B1 /* LMLJDAddressPicker.m */; };
		4801559D1D90F0F700D996B1 /* LMLJDArea.plist in Resources */ = {isa = PBXBuildFile; fileRef = 480155951D90F0F700D996B1 /* LMLJDArea.plist */; };
		4801559E1D90F0F700D996B1 /* up_jiantou@2x.png in Resources */ = {isa = PBXBuildFile; fileRef = 480155961D90F0F700D996B1 /* up_jiantou@2x.png */; };
		4801559F1D90F0F700D996B1 /* up_jiantou@3x.png in Resources */ = {isa = PBXBuildFile; fileRef = 480155971D90F0F700D996B1 /* up_jiantou@3x.png */; };
		480155A01D90F0F700D996B1 /* LMLJDAdressPickerCell.m in Sources */ = {isa = PBXBuildFile; fileRef = 4801559A1D90F0F700D996B1 /* LMLJDAdressPickerCell.m */; };
		480155A11D90F0F700D996B1 /* LMLJDAdressPickerCell.xib in Resources */ = {isa = PBXBuildFile; fileRef = 4801559B1D90F0F700D996B1 /* LMLJDAdressPickerCell.xib */; };
		480155A41D91093500D996B1 /* LML_Util.m in Sources */ = {isa = PBXBuildFile; fileRef = 480155A31D91093500D996B1 /* LML_Util.m */; };
/* End PBXBuildFile section */

/* Begin PBXContainerItemProxy section */
		480155761D90F0E600D996B1 /* PBXContainerItemProxy */ = {
			isa = PBXContainerItemProxy;
			containerPortal = 480155541D90F0E600D996B1 /* Project object */;
			proxyType = 1;
			remoteGlobalIDString = 4801555B1D90F0E600D996B1;
			remoteInfo = LMLJDAddressPickerDemo;
		};
		480155811D90F0E600D996B1 /* PBXContainerItemProxy */ = {
			isa = PBXContainerItemProxy;
			containerPortal = 480155541D90F0E600D996B1 /* Project object */;
			proxyType = 1;
			remoteGlobalIDString = 4801555B1D90F0E600D996B1;
			remoteInfo = LMLJDAddressPickerDemo;
		};
/* End PBXContainerItemProxy section */

/* Begin PBXFileReference section */
		4801555C1D90F0E600D996B1 /* LMLJDAddressPickerDemo.app */ = {isa = PBXFileReference; explicitFileType = wrapper.application; includeInIndex = 0; path = LMLJDAddressPickerDemo.app; sourceTree = BUILT_PRODUCTS_DIR; };
		480155601D90F0E600D996B1 /* main.m */ = {isa = PBXFileReference; lastKnownFileType = sourcecode.c.objc; path = main.m; sourceTree = "<group>"; };
		480155621D90F0E600D996B1 /* AppDelegate.h */ = {isa = PBXFileReference; lastKnownFileType = sourcecode.c.h; path = AppDelegate.h; sourceTree = "<group>"; };
		480155631D90F0E600D996B1 /* AppDelegate.m */ = {isa = PBXFileReference; lastKnownFileType = sourcecode.c.objc; path = AppDelegate.m; sourceTree = "<group>"; };
		480155651D90F0E600D996B1 /* ViewController.h */ = {isa = PBXFileReference; lastKnownFileType = sourcecode.c.h; path = ViewController.h; sourceTree = "<group>"; };
		480155661D90F0E600D996B1 /* ViewController.m */ = {isa = PBXFileReference; lastKnownFileType = sourcecode.c.objc; path = ViewController.m; sourceTree = "<group>"; };
		480155691D90F0E600D996B1 /* Base */ = {isa = PBXFileReference; lastKnownFileType = file.storyboard; name = Base; path = Base.lproj/Main.storyboard; sourceTree = "<group>"; };
		4801556B1D90F0E600D996B1 /* Assets.xcassets */ = {isa = PBXFileReference; lastKnownFileType = folder.assetcatalog; path = Assets.xcassets; sourceTree = "<group>"; };
		4801556E1D90F0E600D996B1 /* Base */ = {isa = PBXFileReference; lastKnownFileType = file.storyboard; name = Base; path = Base.lproj/LaunchScreen.storyboard; sourceTree = "<group>"; };
		480155701D90F0E600D996B1 /* Info.plist */ = {isa = PBXFileReference; lastKnownFileType = text.plist.xml; path = Info.plist; sourceTree = "<group>"; };
		480155751D90F0E600D996B1 /* LMLJDAddressPickerDemoTests.xctest */ = {isa = PBXFileReference; explicitFileType = wrapper.cfbundle; includeInIndex = 0; path = LMLJDAddressPickerDemoTests.xctest; sourceTree = BUILT_PRODUCTS_DIR; };
		480155791D90F0E600D996B1 /* LMLJDAddressPickerDemoTests.m */ = {isa = PBXFileReference; lastKnownFileType = sourcecode.c.objc; path = LMLJDAddressPickerDemoTests.m; sourceTree = "<group>"; };
		4801557B1D90F0E600D996B1 /* Info.plist */ = {isa = PBXFileReference; lastKnownFileType = text.plist.xml; path = Info.plist; sourceTree = "<group>"; };
		480155801D90F0E600D996B1 /* LMLJDAddressPickerDemoUITests.xctest */ = {isa = PBXFileReference; explicitFileType = wrapper.cfbundle; includeInIndex = 0; path = LMLJDAddressPickerDemoUITests.xctest; sourceTree = BUILT_PRODUCTS_DIR; };
		480155841D90F0E600D996B1 /* LMLJDAddressPickerDemoUITests.m */ = {isa = PBXFileReference; lastKnownFileType = sourcecode.c.objc; path = LMLJDAddressPickerDemoUITests.m; sourceTree = "<group>"; };
		480155861D90F0E600D996B1 /* Info.plist */ = {isa = PBXFileReference; lastKnownFileType = text.plist.xml; path = Info.plist; sourceTree = "<group>"; };
		480155931D90F0F700D996B1 /* LMLJDAddressPicker.h */ = {isa = PBXFileReference; fileEncoding = 4; lastKnownFileType = sourcecode.c.h; path = LMLJDAddressPicker.h; sourceTree = "<group>"; };
		480155941D90F0F700D996B1 /* LMLJDAddressPicker.m */ = {isa = PBXFileReference; fileEncoding = 4; lastKnownFileType = sourcecode.c.objc; path = LMLJDAddressPicker.m; sourceTree = "<group>"; };
		480155951D90F0F700D996B1 /* LMLJDArea.plist */ = {isa = PBXFileReference; fileEncoding = 4; lastKnownFileType = text.plist.xml; path = LMLJDArea.plist; sourceTree = "<group>"; };
		480155961D90F0F700D996B1 /* up_jiantou@2x.png */ = {isa = PBXFileReference; lastKnownFileType = image.png; path = "up_jiantou@2x.png"; sourceTree = "<group>"; };
		480155971D90F0F700D996B1 /* up_jiantou@3x.png */ = {isa = PBXFileReference; lastKnownFileType = image.png; path = "up_jiantou@3x.png"; sourceTree = "<group>"; };
		480155991D90F0F700D996B1 /* LMLJDAdressPickerCell.h */ = {isa = PBXFileReference; fileEncoding = 4; lastKnownFileType = sourcecode.c.h; path = LMLJDAdressPickerCell.h; sourceTree = "<group>"; };
		4801559A1D90F0F700D996B1 /* LMLJDAdressPickerCell.m */ = {isa = PBXFileReference; fileEncoding = 4; lastKnownFileType = sourcecode.c.objc; path = LMLJDAdressPickerCell.m; sourceTree = "<group>"; };
		4801559B1D90F0F700D996B1 /* LMLJDAdressPickerCell.xib */ = {isa = PBXFileReference; fileEncoding = 4; lastKnownFileType = file.xib; path = LMLJDAdressPickerCell.xib; sourceTree = "<group>"; };
		480155A21D91093500D996B1 /* LML_Util.h */ = {isa = PBXFileReference; fileEncoding = 4; lastKnownFileType = sourcecode.c.h; path = LML_Util.h; sourceTree = "<group>"; };
		480155A31D91093500D996B1 /* LML_Util.m */ = {isa = PBXFileReference; fileEncoding = 4; lastKnownFileType = sourcecode.c.objc; path = LML_Util.m; sourceTree = "<group>"; };
/* End PBXFileReference section */

/* Begin PBXFrameworksBuildPhase section */
		480155591D90F0E600D996B1 /* Frameworks */ = {
			isa = PBXFrameworksBuildPhase;
			buildActionMask = 2147483647;
			files = (
			);
			runOnlyForDeploymentPostprocessing = 0;
		};
		480155721D90F0E600D996B1 /* Frameworks */ = {
			isa = PBXFrameworksBuildPhase;
			buildActionMask = 2147483647;
			files = (
			);
			runOnlyForDeploymentPostprocessing = 0;
		};
		4801557D1D90F0E600D996B1 /* Frameworks */ = {
			isa = PBXFrameworksBuildPhase;
			buildActionMask = 2147483647;
			files = (
			);
			runOnlyForDeploymentPostprocessing = 0;
		};
/* End PBXFrameworksBuildPhase section */

/* Begin PBXGroup section */
		480155531D90F0E600D996B1 = {
			isa = PBXGroup;
			children = (
				480155921D90F0F700D996B1 /* LMLJDAddressPicker */,
				4801555E1D90F0E600D996B1 /* LMLJDAddressPickerDemo */,
				480155781D90F0E600D996B1 /* LMLJDAddressPickerDemoTests */,
				480155831D90F0E600D996B1 /* LMLJDAddressPickerDemoUITests */,
				4801555D1D90F0E600D996B1 /* Products */,
			);
			sourceTree = "<group>";
		};
		4801555D1D90F0E600D996B1 /* Products */ = {
			isa = PBXGroup;
			children = (
				4801555C1D90F0E600D996B1 /* LMLJDAddressPickerDemo.app */,
				480155751D90F0E600D996B1 /* LMLJDAddressPickerDemoTests.xctest */,
				480155801D90F0E600D996B1 /* LMLJDAddressPickerDemoUITests.xctest */,
			);
			name = Products;
			sourceTree = "<group>";
		};
		4801555E1D90F0E600D996B1 /* LMLJDAddressPickerDemo */ = {
			isa = PBXGroup;
			children = (
				480155621D90F0E600D996B1 /* AppDelegate.h */,
				480155631D90F0E600D996B1 /* AppDelegate.m */,
				480155651D90F0E600D996B1 /* ViewController.h */,
				480155661D90F0E600D996B1 /* ViewController.m */,
				480155681D90F0E600D996B1 /* Main.storyboard */,
				4801556B1D90F0E600D996B1 /* Assets.xcassets */,
				4801556D1D90F0E600D996B1 /* LaunchScreen.storyboard */,
				480155701D90F0E600D996B1 /* Info.plist */,
				4801555F1D90F0E600D996B1 /* Supporting Files */,
			);
			path = LMLJDAddressPickerDemo;
			sourceTree = "<group>";
		};
		4801555F1D90F0E600D996B1 /* Supporting Files */ = {
			isa = PBXGroup;
			children = (
				480155601D90F0E600D996B1 /* main.m */,
			);
			name = "Supporting Files";
			sourceTree = "<group>";
		};
		480155781D90F0E600D996B1 /* LMLJDAddressPickerDemoTests */ = {
			isa = PBXGroup;
			children = (
				480155791D90F0E600D996B1 /* LMLJDAddressPickerDemoTests.m */,
				4801557B1D90F0E600D996B1 /* Info.plist */,
			);
			path = LMLJDAddressPickerDemoTests;
			sourceTree = "<group>";
		};
		480155831D90F0E600D996B1 /* LMLJDAddressPickerDemoUITests */ = {
			isa = PBXGroup;
			children = (
				480155841D90F0E600D996B1 /* LMLJDAddressPickerDemoUITests.m */,
				480155861D90F0E600D996B1 /* Info.plist */,
			);
			path = LMLJDAddressPickerDemoUITests;
			sourceTree = "<group>";
		};
		480155921D90F0F700D996B1 /* LMLJDAddressPicker */ = {
			isa = PBXGroup;
			children = (
				480155931D90F0F700D996B1 /* LMLJDAddressPicker.h */,
				480155941D90F0F700D996B1 /* LMLJDAddressPicker.m */,
				480155A21D91093500D996B1 /* LML_Util.h */,
				480155A31D91093500D996B1 /* LML_Util.m */,
				480155951D90F0F700D996B1 /* LMLJDArea.plist */,
				480155961D90F0F700D996B1 /* up_jiantou@2x.png */,
				480155971D90F0F700D996B1 /* up_jiantou@3x.png */,
				480155981D90F0F700D996B1 /* Views */,
			);
			path = LMLJDAddressPicker;
			sourceTree = "<group>";
		};
		480155981D90F0F700D996B1 /* Views */ = {
			isa = PBXGroup;
			children = (
				480155991D90F0F700D996B1 /* LMLJDAdressPickerCell.h */,
				4801559A1D90F0F700D996B1 /* LMLJDAdressPickerCell.m */,
				4801559B1D90F0F700D996B1 /* LMLJDAdressPickerCell.xib */,
			);
			path = Views;
			sourceTree = "<group>";
		};
/* End PBXGroup section */

/* Begin PBXNativeTarget section */
		4801555B1D90F0E600D996B1 /* LMLJDAddressPickerDemo */ = {
			isa = PBXNativeTarget;
			buildConfigurationList = 480155891D90F0E600D996B1 /* Build configuration list for PBXNativeTarget "LMLJDAddressPickerDemo" */;
			buildPhases = (
				480155581D90F0E600D996B1 /* Sources */,
				480155591D90F0E600D996B1 /* Frameworks */,
				4801555A1D90F0E600D996B1 /* Resources */,
			);
			buildRules = (
			);
			dependencies = (
			);
			name = LMLJDAddressPickerDemo;
			productName = LMLJDAddressPickerDemo;
			productReference = 4801555C1D90F0E600D996B1 /* LMLJDAddressPickerDemo.app */;
			productType = "com.apple.product-type.application";
		};
		480155741D90F0E600D996B1 /* LMLJDAddressPickerDemoTests */ = {
			isa = PBXNativeTarget;
			buildConfigurationList = 4801558C1D90F0E600D996B1 /* Build configuration list for PBXNativeTarget "LMLJDAddressPickerDemoTests" */;
			buildPhases = (
				480155711D90F0E600D996B1 /* Sources */,
				480155721D90F0E600D996B1 /* Frameworks */,
				480155731D90F0E600D996B1 /* Resources */,
			);
			buildRules = (
			);
			dependencies = (
				480155771D90F0E600D996B1 /* PBXTargetDependency */,
			);
			name = LMLJDAddressPickerDemoTests;
			productName = LMLJDAddressPickerDemoTests;
			productReference = 480155751D90F0E600D996B1 /* LMLJDAddressPickerDemoTests.xctest */;
			productType = "com.apple.product-type.bundle.unit-test";
		};
		4801557F1D90F0E600D996B1 /* LMLJDAddressPickerDemoUITests */ = {
			isa = PBXNativeTarget;
			buildConfigurationList = 4801558F1D90F0E600D996B1 /* Build configuration list for PBXNativeTarget "LMLJDAddressPickerDemoUITests" */;
			buildPhases = (
				4801557C1D90F0E600D996B1 /* Sources */,
				4801557D1D90F0E600D996B1 /* Frameworks */,
				4801557E1D90F0E600D996B1 /* Resources */,
			);
			buildRules = (
			);
			dependencies = (
				480155821D90F0E600D996B1 /* PBXTargetDependency */,
			);
			name = LMLJDAddressPickerDemoUITests;
			productName = LMLJDAddressPickerDemoUITests;
			productReference = 480155801D90F0E600D996B1 /* LMLJDAddressPickerDemoUITests.xctest */;
			productType = "com.apple.product-type.bundle.ui-testing";
		};
/* End PBXNativeTarget section */

/* Begin PBXProject section */
		480155541D90F0E600D996B1 /* Project object */ = {
			isa = PBXProject;
			attributes = {
				LastUpgradeCheck = 0730;
				ORGANIZATIONNAME = "优谱德";
				TargetAttributes = {
					4801555B1D90F0E600D996B1 = {
						CreatedOnToolsVersion = 7.3;
					};
					480155741D90F0E600D996B1 = {
						CreatedOnToolsVersion = 7.3;
						TestTargetID = 4801555B1D90F0E600D996B1;
					};
					4801557F1D90F0E600D996B1 = {
						CreatedOnToolsVersion = 7.3;
						TestTargetID = 4801555B1D90F0E600D996B1;
					};
				};
			};
			buildConfigurationList = 480155571D90F0E600D996B1 /* Build configuration list for PBXProject "LMLJDAddressPickerDemo" */;
			compatibilityVersion = "Xcode 3.2";
			developmentRegion = English;
			hasScannedForEncodings = 0;
			knownRegions = (
				en,
				Base,
			);
			mainGroup = 480155531D90F0E600D996B1;
			productRefGroup = 4801555D1D90F0E600D996B1 /* Products */;
			projectDirPath = "";
			projectRoot = "";
			targets = (
				4801555B1D90F0E600D996B1 /* LMLJDAddressPickerDemo */,
				480155741D90F0E600D996B1 /* LMLJDAddressPickerDemoTests */,
				4801557F1D90F0E600D996B1 /* LMLJDAddressPickerDemoUITests */,
			);
		};
/* End PBXProject section */

/* Begin PBXResourcesBuildPhase section */
		4801555A1D90F0E600D996B1 /* Resources */ = {
			isa = PBXResourcesBuildPhase;
			buildActionMask = 2147483647;
			files = (
				4801559E1D90F0F700D996B1 /* up_jiantou@2x.png in Resources */,
				4801556F1D90F0E600D996B1 /* LaunchScreen.storyboard in Resources */,
				4801559D1D90F0F700D996B1 /* LMLJDArea.plist in Resources */,
				4801556C1D90F0E600D996B1 /* Assets.xcassets in Resources */,
				4801556A1D90F0E600D996B1 /* Main.storyboard in Resources */,
				4801559F1D90F0F700D996B1 /* up_jiantou@3x.png in Resources */,
				480155A11D90F0F700D996B1 /* LMLJDAdressPickerCell.xib in Resources */,
			);
			runOnlyForDeploymentPostprocessing = 0;
		};
		480155731D90F0E600D996B1 /* Resources */ = {
			isa = PBXResourcesBuildPhase;
			buildActionMask = 2147483647;
			files = (
			);
			runOnlyForDeploymentPostprocessing = 0;
		};
		4801557E1D90F0E600D996B1 /* Resources */ = {
			isa = PBXResourcesBuildPhase;
			buildActionMask = 2147483647;
			files = (
			);
			runOnlyForDeploymentPostprocessing = 0;
		};
/* End PBXResourcesBuildPhase section */

/* Begin PBXSourcesBuildPhase section */
		480155581D90F0E600D996B1 /* Sources */ = {
			isa = PBXSourcesBuildPhase;
			buildActionMask = 2147483647;
			files = (
				480155A01D90F0F700D996B1 /* LMLJDAdressPickerCell.m in Sources */,
				480155671D90F0E600D996B1 /* ViewController.m in Sources */,
				480155641D90F0E600D996B1 /* AppDelegate.m in Sources */,
				480155A41D91093500D996B1 /* LML_Util.m in Sources */,
				4801559C1D90F0F700D996B1 /* LMLJDAddressPicker.m in Sources */,
				480155611D90F0E600D996B1 /* main.m in Sources */,
			);
			runOnlyForDeploymentPostprocessing = 0;
		};
		480155711D90F0E600D996B1 /* Sources */ = {
			isa = PBXSourcesBuildPhase;
			buildActionMask = 2147483647;
			files = (
				4801557A1D90F0E600D996B1 /* LMLJDAddressPickerDemoTests.m in Sources */,
			);
			runOnlyForDeploymentPostprocessing = 0;
		};
		4801557C1D90F0E600D996B1 /* Sources */ = {
			isa = PBXSourcesBuildPhase;
			buildActionMask = 2147483647;
			files = (
				480155851D90F0E600D996B1 /* LMLJDAddressPickerDemoUITests.m in Sources */,
			);
			runOnlyForDeploymentPostprocessing = 0;
		};
/* End PBXSourcesBuildPhase section */

/* Begin PBXTargetDependency section */
		480155771D90F0E600D996B1 /* PBXTargetDependency */ = {
			isa = PBXTargetDependency;
			target = 4801555B1D90F0E600D996B1 /* LMLJDAddressPickerDemo */;
			targetProxy = 480155761D90F0E600D996B1 /* PBXContainerItemProxy */;
		};
		480155821D90F0E600D996B1 /* PBXTargetDependency */ = {
			isa = PBXTargetDependency;
			target = 4801555B1D90F0E600D996B1 /* LMLJDAddressPickerDemo */;
			targetProxy = 480155811D90F0E600D996B1 /* PBXContainerItemProxy */;
		};
/* End PBXTargetDependency section */

/* Begin PBXVariantGroup section */
		480155681D90F0E600D996B1 /* Main.storyboard */ = {
			isa = PBXVariantGroup;
			children = (
				480155691D90F0E600D996B1 /* Base */,
			);
			name = Main.storyboard;
			sourceTree = "<group>";
		};
		4801556D1D90F0E600D996B1 /* LaunchScreen.storyboard */ = {
			isa = PBXVariantGroup;
			children = (
				4801556E1D90F0E600D996B1 /* Base */,
			);
			name = LaunchScreen.storyboard;
			sourceTree = "<group>";
		};
/* End PBXVariantGroup section */

/* Begin XCBuildConfiguration section */
		480155871D90F0E600D996B1 /* Debug */ = {
			isa = XCBuildConfiguration;
			buildSettings = {
				ALWAYS_SEARCH_USER_PATHS = NO;
				CLANG_ANALYZER_NONNULL = YES;
				CLANG_CXX_LANGUAGE_STANDARD = "gnu++0x";
				CLANG_CXX_LIBRARY = "libc++";
				CLANG_ENABLE_MODULES = YES;
				CLANG_ENABLE_OBJC_ARC = YES;
				CLANG_WARN_BOOL_CONVERSION = YES;
				CLANG_WARN_CONSTANT_CONVERSION = YES;
				CLANG_WARN_DIRECT_OBJC_ISA_USAGE = YES_ERROR;
				CLANG_WARN_EMPTY_BODY = YES;
				CLANG_WARN_ENUM_CONVERSION = YES;
				CLANG_WARN_INT_CONVERSION = YES;
				CLANG_WARN_OBJC_ROOT_CLASS = YES_ERROR;
				CLANG_WARN_UNREACHABLE_CODE = YES;
				CLANG_WARN__DUPLICATE_METHOD_MATCH = YES;
				"CODE_SIGN_IDENTITY[sdk=iphoneos*]" = "iPhone Developer";
				COPY_PHASE_STRIP = NO;
				DEBUG_INFORMATION_FORMAT = dwarf;
				ENABLE_STRICT_OBJC_MSGSEND = YES;
				ENABLE_TESTABILITY = YES;
				GCC_C_LANGUAGE_STANDARD = gnu99;
				GCC_DYNAMIC_NO_PIC = NO;
				GCC_NO_COMMON_BLOCKS = YES;
				GCC_OPTIMIZATION_LEVEL = 0;
				GCC_PREPROCESSOR_DEFINITIONS = (
					"DEBUG=1",
					"$(inherited)",
				);
				GCC_WARN_64_TO_32_BIT_CONVERSION = YES;
				GCC_WARN_ABOUT_RETURN_TYPE = YES_ERROR;
				GCC_WARN_UNDECLARED_SELECTOR = YES;
				GCC_WARN_UNINITIALIZED_AUTOS = YES_AGGRESSIVE;
				GCC_WARN_UNUSED_FUNCTION = YES;
				GCC_WARN_UNUSED_VARIABLE = YES;
				IPHONEOS_DEPLOYMENT_TARGET = 9.3;
				MTL_ENABLE_DEBUG_INFO = YES;
				ONLY_ACTIVE_ARCH = YES;
				SDKROOT = iphoneos;
				TARGETED_DEVICE_FAMILY = "1,2";
			};
			name = Debug;
		};
		480155881D90F0E600D996B1 /* Release */ = {
			isa = XCBuildConfiguration;
			buildSettings = {
				ALWAYS_SEARCH_USER_PATHS = NO;
				CLANG_ANALYZER_NONNULL = YES;
				CLANG_CXX_LANGUAGE_STANDARD = "gnu++0x";
				CLANG_CXX_LIBRARY = "libc++";
				CLANG_ENABLE_MODULES = YES;
				CLANG_ENABLE_OBJC_ARC = YES;
				CLANG_WARN_BOOL_CONVERSION = YES;
				CLANG_WARN_CONSTANT_CONVERSION = YES;
				CLANG_WARN_DIRECT_OBJC_ISA_USAGE = YES_ERROR;
				CLANG_WARN_EMPTY_BODY = YES;
				CLANG_WARN_ENUM_CONVERSION = YES;
				CLANG_WARN_INT_CONVERSION = YES;
				CLANG_WARN_OBJC_ROOT_CLASS = YES_ERROR;
				CLANG_WARN_UNREACHABLE_CODE = YES;
				CLANG_WARN__DUPLICATE_METHOD_MATCH = YES;
				"CODE_SIGN_IDENTITY[sdk=iphoneos*]" = "iPhone Developer";
				COPY_PHASE_STRIP = NO;
				DEBUG_INFORMATION_FORMAT = "dwarf-with-dsym";
				ENABLE_NS_ASSERTIONS = NO;
				ENABLE_STRICT_OBJC_MSGSEND = YES;
				GCC_C_LANGUAGE_STANDARD = gnu99;
				GCC_NO_COMMON_BLOCKS = YES;
				GCC_WARN_64_TO_32_BIT_CONVERSION = YES;
				GCC_WARN_ABOUT_RETURN_TYPE = YES_ERROR;
				GCC_WARN_UNDECLARED_SELECTOR = YES;
				GCC_WARN_UNINITIALIZED_AUTOS = YES_AGGRESSIVE;
				GCC_WARN_UNUSED_FUNCTION = YES;
				GCC_WARN_UNUSED_VARIABLE = YES;
				IPHONEOS_DEPLOYMENT_TARGET = 9.3;
				MTL_ENABLE_DEBUG_INFO = NO;
				SDKROOT = iphoneos;
				TARGETED_DEVICE_FAMILY = "1,2";
				VALIDATE_PRODUCT = YES;
			};
			name = Release;
		};
		4801558A1D90F0E600D996B1 /* Debug */ = {
			isa = XCBuildConfiguration;
			buildSettings = {
				ASSETCATALOG_COMPILER_APPICON_NAME = AppIcon;
				INFOPLIST_FILE = LMLJDAddressPickerDemo/Info.plist;
				LD_RUNPATH_SEARCH_PATHS = "$(inherited) @executable_path/Frameworks";
				PRODUCT_BUNDLE_IDENTIFIER = com.youpude.LMLJDAddressPickerDemo;
				PRODUCT_NAME = "$(TARGET_NAME)";
			};
			name = Debug;
		};
		4801558B1D90F0E600D996B1 /* Release */ = {
			isa = XCBuildConfiguration;
			buildSettings = {
				ASSETCATALOG_COMPILER_APPICON_NAME = AppIcon;
				INFOPLIST_FILE = LMLJDAddressPickerDemo/Info.plist;
				LD_RUNPATH_SEARCH_PATHS = "$(inherited) @executable_path/Frameworks";
				PRODUCT_BUNDLE_IDENTIFIER = com.youpude.LMLJDAddressPickerDemo;
				PRODUCT_NAME = "$(TARGET_NAME)";
			};
			name = Release;
		};
		4801558D1D90F0E600D996B1 /* Debug */ = {
			isa = XCBuildConfiguration;
			buildSettings = {
				BUNDLE_LOADER = "$(TEST_HOST)";
				INFOPLIST_FILE = LMLJDAddressPickerDemoTests/Info.plist;
				LD_RUNPATH_SEARCH_PATHS = "$(inherited) @executable_path/Frameworks @loader_path/Frameworks";
				PRODUCT_BUNDLE_IDENTIFIER = com.youpude.LMLJDAddressPickerDemoTests;
				PRODUCT_NAME = "$(TARGET_NAME)";
				TEST_HOST = "$(BUILT_PRODUCTS_DIR)/LMLJDAddressPickerDemo.app/LMLJDAddressPickerDemo";
			};
			name = Debug;
		};
		4801558E1D90F0E600D996B1 /* Release */ = {
			isa = XCBuildConfiguration;
			buildSettings = {
				BUNDLE_LOADER = "$(TEST_HOST)";
				INFOPLIST_FILE = LMLJDAddressPickerDemoTests/Info.plist;
				LD_RUNPATH_SEARCH_PATHS = "$(inherited) @executable_path/Frameworks @loader_path/Frameworks";
				PRODUCT_BUNDLE_IDENTIFIER = com.youpude.LMLJDAddressPickerDemoTests;
				PRODUCT_NAME = "$(TARGET_NAME)";
				TEST_HOST = "$(BUILT_PRODUCTS_DIR)/LMLJDAddressPickerDemo.app/LMLJDAddressPickerDemo";
			};
			name = Release;
		};
		480155901D90F0E600D996B1 /* Debug */ = {
			isa = XCBuildConfiguration;
			buildSettings = {
				INFOPLIST_FILE = LMLJDAddressPickerDemoUITests/Info.plist;
				LD_RUNPATH_SEARCH_PATHS = "$(inherited) @executable_path/Frameworks @loader_path/Frameworks";
				PRODUCT_BUNDLE_IDENTIFIER = com.youpude.LMLJDAddressPickerDemoUITests;
				PRODUCT_NAME = "$(TARGET_NAME)";
				TEST_TARGET_NAME = LMLJDAddressPickerDemo;
			};
			name = Debug;
		};
		480155911D90F0E600D996B1 /* Release */ = {
			isa = XCBuildConfiguration;
			buildSettings = {
				INFOPLIST_FILE = LMLJDAddressPickerDemoUITests/Info.plist;
				LD_RUNPATH_SEARCH_PATHS = "$(inherited) @executable_path/Frameworks @loader_path/Frameworks";
				PRODUCT_BUNDLE_IDENTIFIER = com.youpude.LMLJDAddressPickerDemoUITests;
				PRODUCT_NAME = "$(TARGET_NAME)";
				TEST_TARGET_NAME = LMLJDAddressPickerDemo;
			};
			name = Release;
		};
/* End XCBuildConfiguration section */

/* Begin XCConfigurationList section */
		480155571D90F0E600D996B1 /* Build configuration list for PBXProject "LMLJDAddressPickerDemo" */ = {
			isa = XCConfigurationList;
			buildConfigurations = (
				480155871D90F0E600D996B1 /* Debug */,
				480155881D90F0E600D996B1 /* Release */,
			);
			defaultConfigurationIsVisible = 0;
			defaultConfigurationName = Release;
		};
		480155891D90F0E600D996B1 /* Build configuration list for PBXNativeTarget "LMLJDAddressPickerDemo" */ = {
			isa = XCConfigurationList;
			buildConfigurations = (
				4801558A1D90F0E600D996B1 /* Debug */,
				4801558B1D90F0E600D996B1 /* Release */,
			);
			defaultConfigurationIsVisible = 0;
		};
		4801558C1D90F0E600D996B1 /* Build configuration list for PBXNativeTarget "LMLJDAddressPickerDemoTests" */ = {
			isa = XCConfigurationList;
			buildConfigurations = (
				4801558D1D90F0E600D996B1 /* Debug */,
				4801558E1D90F0E600D996B1 /* Release */,
			);
			defaultConfigurationIsVisible = 0;
		};
		4801558F1D90F0E600D996B1 /* Build configuration list for PBXNativeTarget "LMLJDAddressPickerDemoUITests" */ = {
			isa = XCConfigurationList;
			buildConfigurations = (
				480155901D90F0E600D996B1 /* Debug */,
				480155911D90F0E600D996B1 /* Release */,
			);
			defaultConfigurationIsVisible = 0;
		};
/* End XCConfigurationList section */
	};
	rootObject = 480155541D90F0E600D996B1 /* Project object */;
}
